
Microsoft Visual Studio Solution File, Format Version 12.00
# Visual Studio Version 16
VisualStudioVersion = 16.0.29519.87
MinimumVisualStudioVersion = 10.0.40219.1
Project("{9A19103F-16F7-4668-BE54-9A1E7A4F7556}") = "SMWControlLibFrontend", "SMWControlLibFrontend\SMWControlLibFrontend\SMWControlLibFrontend.csproj", "{FDA55BDF-00F5-4B42-B8E9-61A25A70C501}"
	ProjectSection(ProjectDependencies) = postProject
		{6239F537-78E0-4F54-8EAC-8DCEA93EDD63} = {6239F537-78E0-4F54-8EAC-8DCEA93EDD63}
		{32599284-B077-4783-A342-409E5E7E9C56} = {32599284-B077-4783-A342-409E5E7E9C56}
		{BA391BE4-F4E1-468B-9CF5-7A349D0ADEFD} = {BA391BE4-F4E1-468B-9CF5-7A349D0ADEFD}
	EndProjectSection
EndProject
Project("{9A19103F-16F7-4668-BE54-9A1E7A4F7556}") = "SMWControlLibFrontend.Gtk", "SMWControlLibFrontend\SMWControlLibFrontend.Gtk\SMWControlLibFrontend.Gtk.csproj", "{69FA364C-10D8-4182-A66B-433B890A9F4A}"
EndProject
Project("{9A19103F-16F7-4668-BE54-9A1E7A4F7556}") = "SMWControlLibFrontend.Mac", "SMWControlLibFrontend\SMWControlLibFrontend.Mac\SMWControlLibFrontend.Mac.csproj", "{FF25A049-35EF-4112-9A79-9F11A14E1CEE}"
EndProject
Project("{9A19103F-16F7-4668-BE54-9A1E7A4F7556}") = "SMWControlLibFrontend.Wpf", "SMWControlLibFrontend\SMWControlLibFrontend.Wpf\SMWControlLibFrontend.Wpf.csproj", "{BDF1D628-255F-4335-89FF-8103945A14A5}"
EndProject
Project("{9A19103F-16F7-4668-BE54-9A1E7A4F7556}") = "SMWControlLibRendering", "SMWControlLibRendering\SMWControlLibRendering.csproj", "{32599284-B077-4783-A342-409E5E7E9C56}"
EndProject
Project("{9A19103F-16F7-4668-BE54-9A1E7A4F7556}") = "SMWControlLibUtils", "SMWControlLibUtils\SMWControlLibUtils.csproj", "{6239F537-78E0-4F54-8EAC-8DCEA93EDD63}"
EndProject
Project("{9A19103F-16F7-4668-BE54-9A1E7A4F7556}") = "SMWControlLibCommons", "SMWControlLibCommons\SMWControlLibCommons.csproj", "{BA391BE4-F4E1-468B-9CF5-7A349D0ADEFD}"
EndProject
Project("{FAE04EC0-301F-11D3-BF4B-00C04F79EFBC}") = "SMWControlLibSNES", "SMWControlLibSNES\SMWControlLibSNES.csproj", "{87F587B2-DB92-4ACB-8259-DC4BD3B7D39A}"
EndProject
Project("{2150E333-8FDC-42A3-9474-1A3956D46DE8}") = "Solution Items", "Solution Items", "{4CD6384B-C997-42D9-B3DF-384B52817067}"
	ProjectSection(SolutionItems) = preProject
		.editorconfig = .editorconfig
	EndProjectSection
EndProject
Global
	GlobalSection(SolutionConfigurationPlatforms) = preSolution
		Debug|Any CPU = Debug|Any CPU
		Debug|ARM = Debug|ARM
		Debug|x64 = Debug|x64
		Debug|x86 = Debug|x86
		Release|Any CPU = Release|Any CPU
		Release|ARM = Release|ARM
		Release|x64 = Release|x64
		Release|x86 = Release|x86
	EndGlobalSection
	GlobalSection(ProjectConfigurationPlatforms) = postSolution
		{FDA55BDF-00F5-4B42-B8E9-61A25A70C501}.Debug|Any CPU.ActiveCfg = Debug|Any CPU
		{FDA55BDF-00F5-4B42-B8E9-61A25A70C501}.Debug|Any CPU.Build.0 = Debug|Any CPU
		{FDA55BDF-00F5-4B42-B8E9-61A25A70C501}.Debug|ARM.ActiveCfg = Debug|Any CPU
		{FDA55BDF-00F5-4B42-B8E9-61A25A70C501}.Debug|ARM.Build.0 = Debug|Any CPU
		{FDA55BDF-00F5-4B42-B8E9-61A25A70C501}.Debug|x64.ActiveCfg = Debug|Any CPU
		{FDA55BDF-00F5-4B42-B8E9-61A25A70C501}.Debug|x64.Build.0 = Debug|Any CPU
		{FDA55BDF-00F5-4B42-B8E9-61A25A70C501}.Debug|x86.ActiveCfg = Debug|Any CPU
		{FDA55BDF-00F5-4B42-B8E9-61A25A70C501}.Debug|x86.Build.0 = Debug|Any CPU
		{FDA55BDF-00F5-4B42-B8E9-61A25A70C501}.Release|Any CPU.ActiveCfg = Release|Any CPU
		{FDA55BDF-00F5-4B42-B8E9-61A25A70C501}.Release|Any CPU.Build.0 = Release|Any CPU
		{FDA55BDF-00F5-4B42-B8E9-61A25A70C501}.Release|ARM.ActiveCfg = Release|Any CPU
		{FDA55BDF-00F5-4B42-B8E9-61A25A70C501}.Release|ARM.Build.0 = Release|Any CPU
		{FDA55BDF-00F5-4B42-B8E9-61A25A70C501}.Release|x64.ActiveCfg = Release|Any CPU
		{FDA55BDF-00F5-4B42-B8E9-61A25A70C501}.Release|x64.Build.0 = Release|Any CPU
		{FDA55BDF-00F5-4B42-B8E9-61A25A70C501}.Release|x86.ActiveCfg = Release|Any CPU
		{FDA55BDF-00F5-4B42-B8E9-61A25A70C501}.Release|x86.Build.0 = Release|Any CPU
		{69FA364C-10D8-4182-A66B-433B890A9F4A}.Debug|Any CPU.ActiveCfg = Debug|Any CPU
		{69FA364C-10D8-4182-A66B-433B890A9F4A}.Debug|Any CPU.Build.0 = Debug|Any CPU
		{69FA364C-10D8-4182-A66B-433B890A9F4A}.Debug|ARM.ActiveCfg = Debug|Any CPU
		{69FA364C-10D8-4182-A66B-433B890A9F4A}.Debug|ARM.Build.0 = Debug|Any CPU
		{69FA364C-10D8-4182-A66B-433B890A9F4A}.Debug|x64.ActiveCfg = Debug|Any CPU
		{69FA364C-10D8-4182-A66B-433B890A9F4A}.Debug|x64.Build.0 = Debug|Any CPU
		{69FA364C-10D8-4182-A66B-433B890A9F4A}.Debug|x86.ActiveCfg = Debug|Any CPU
		{69FA364C-10D8-4182-A66B-433B890A9F4A}.Debug|x86.Build.0 = Debug|Any CPU
		{69FA364C-10D8-4182-A66B-433B890A9F4A}.Release|Any CPU.ActiveCfg = Release|Any CPU
		{69FA364C-10D8-4182-A66B-433B890A9F4A}.Release|Any CPU.Build.0 = Release|Any CPU
		{69FA364C-10D8-4182-A66B-433B890A9F4A}.Release|ARM.ActiveCfg = Release|Any CPU
		{69FA364C-10D8-4182-A66B-433B890A9F4A}.Release|ARM.Build.0 = Release|Any CPU
		{69FA364C-10D8-4182-A66B-433B890A9F4A}.Release|x64.ActiveCfg = Release|Any CPU
		{69FA364C-10D8-4182-A66B-433B890A9F4A}.Release|x64.Build.0 = Release|Any CPU
		{69FA364C-10D8-4182-A66B-433B890A9F4A}.Release|x86.ActiveCfg = Release|Any CPU
		{69FA364C-10D8-4182-A66B-433B890A9F4A}.Release|x86.Build.0 = Release|Any CPU
		{FF25A049-35EF-4112-9A79-9F11A14E1CEE}.Debug|Any CPU.ActiveCfg = Debug|Any CPU
		{FF25A049-35EF-4112-9A79-9F11A14E1CEE}.Debug|Any CPU.Build.0 = Debug|Any CPU
		{FF25A049-35EF-4112-9A79-9F11A14E1CEE}.Debug|ARM.ActiveCfg = Debug|Any CPU
		{FF25A049-35EF-4112-9A79-9F11A14E1CEE}.Debug|ARM.Build.0 = Debug|Any CPU
		{FF25A049-35EF-4112-9A79-9F11A14E1CEE}.Debug|x64.ActiveCfg = Debug|Any CPU
		{FF25A049-35EF-4112-9A79-9F11A14E1CEE}.Debug|x64.Build.0 = Debug|Any CPU
		{FF25A049-35EF-4112-9A79-9F11A14E1CEE}.Debug|x86.ActiveCfg = Debug|Any CPU
		{FF25A049-35EF-4112-9A79-9F11A14E1CEE}.Debug|x86.Build.0 = Debug|Any CPU
		{FF25A049-35EF-4112-9A79-9F11A14E1CEE}.Release|Any CPU.ActiveCfg = Release|Any CPU
		{FF25A049-35EF-4112-9A79-9F11A14E1CEE}.Release|Any CPU.Build.0 = Release|Any CPU
		{FF25A049-35EF-4112-9A79-9F11A14E1CEE}.Release|ARM.ActiveCfg = Release|Any CPU
		{FF25A049-35EF-4112-9A79-9F11A14E1CEE}.Release|ARM.Build.0 = Release|Any CPU
		{FF25A049-35EF-4112-9A79-9F11A14E1CEE}.Release|x64.ActiveCfg = Release|Any CPU
		{FF25A049-35EF-4112-9A79-9F11A14E1CEE}.Release|x64.Build.0 = Release|Any CPU
		{FF25A049-35EF-4112-9A79-9F11A14E1CEE}.Release|x86.ActiveCfg = Release|Any CPU
		{FF25A049-35EF-4112-9A79-9F11A14E1CEE}.Release|x86.Build.0 = Release|Any CPU
		{BDF1D628-255F-4335-89FF-8103945A14A5}.Debug|Any CPU.ActiveCfg = Debug|Any CPU
		{BDF1D628-255F-4335-89FF-8103945A14A5}.Debug|Any CPU.Build.0 = Debug|Any CPU
		{BDF1D628-255F-4335-89FF-8103945A14A5}.Debug|ARM.ActiveCfg = Debug|Any CPU
		{BDF1D628-255F-4335-89FF-8103945A14A5}.Debug|ARM.Build.0 = Debug|Any CPU
		{BDF1D628-255F-4335-89FF-8103945A14A5}.Debug|x64.ActiveCfg = Debug|Any CPU
		{BDF1D628-255F-4335-89FF-8103945A14A5}.Debug|x64.Build.0 = Debug|Any CPU
		{BDF1D628-255F-4335-89FF-8103945A14A5}.Debug|x86.ActiveCfg = Debug|Any CPU
		{BDF1D628-255F-4335-89FF-8103945A14A5}.Debug|x86.Build.0 = Debug|Any CPU
		{BDF1D628-255F-4335-89FF-8103945A14A5}.Release|Any CPU.ActiveCfg = Release|Any CPU
		{BDF1D628-255F-4335-89FF-8103945A14A5}.Release|Any CPU.Build.0 = Release|Any CPU
		{BDF1D628-255F-4335-89FF-8103945A14A5}.Release|ARM.ActiveCfg = Release|Any CPU
		{BDF1D628-255F-4335-89FF-8103945A14A5}.Release|ARM.Build.0 = Release|Any CPU
		{BDF1D628-255F-4335-89FF-8103945A14A5}.Release|x64.ActiveCfg = Release|Any CPU
		{BDF1D628-255F-4335-89FF-8103945A14A5}.Release|x64.Build.0 = Release|Any CPU
		{BDF1D628-255F-4335-89FF-8103945A14A5}.Release|x86.ActiveCfg = Release|Any CPU
		{BDF1D628-255F-4335-89FF-8103945A14A5}.Release|x86.Build.0 = Release|Any CPU
		{32599284-B077-4783-A342-409E5E7E9C56}.Debug|Any CPU.ActiveCfg = Debug|Any CPU
		{32599284-B077-4783-A342-409E5E7E9C56}.Debug|Any CPU.Build.0 = Debug|Any CPU
		{32599284-B077-4783-A342-409E5E7E9C56}.Debug|ARM.ActiveCfg = Debug|Any CPU
		{32599284-B077-4783-A342-409E5E7E9C56}.Debug|ARM.Build.0 = Debug|Any CPU
		{32599284-B077-4783-A342-409E5E7E9C56}.Debug|x64.ActiveCfg = Debug|Any CPU
		{32599284-B077-4783-A342-409E5E7E9C56}.Debug|x64.Build.0 = Debug|Any CPU
		{32599284-B077-4783-A342-409E5E7E9C56}.Debug|x86.ActiveCfg = Debug|Any CPU
		{32599284-B077-4783-A342-409E5E7E9C56}.Debug|x86.Build.0 = Debug|Any CPU
		{32599284-B077-4783-A342-409E5E7E9C56}.Release|Any CPU.ActiveCfg = Release|Any CPU
		{32599284-B077-4783-A342-409E5E7E9C56}.Release|Any CPU.Build.0 = Release|Any CPU
		{32599284-B077-4783-A342-409E5E7E9C56}.Release|ARM.ActiveCfg = Release|Any CPU
		{32599284-B077-4783-A342-409E5E7E9C56}.Release|ARM.Build.0 = Release|Any CPU
		{32599284-B077-4783-A342-409E5E7E9C56}.Release|x64.ActiveCfg = Release|Any CPU
		{32599284-B077-4783-A342-409E5E7E9C56}.Release|x64.Build.0 = Release|Any CPU
		{32599284-B077-4783-A342-409E5E7E9C56}.Release|x86.ActiveCfg = Release|Any CPU
		{32599284-B077-4783-A342-409E5E7E9C56}.Release|x86.Build.0 = Release|Any CPU
		{6239F537-78E0-4F54-8EAC-8DCEA93EDD63}.Debug|Any CPU.ActiveCfg = Debug|Any CPU
		{6239F537-78E0-4F54-8EAC-8DCEA93EDD63}.Debug|Any CPU.Build.0 = Debug|Any CPU
		{6239F537-78E0-4F54-8EAC-8DCEA93EDD63}.Debug|ARM.ActiveCfg = Debug|Any CPU
		{6239F537-78E0-4F54-8EAC-8DCEA93EDD63}.Debug|ARM.Build.0 = Debug|Any CPU
		{6239F537-78E0-4F54-8EAC-8DCEA93EDD63}.Debug|x64.ActiveCfg = Debug|Any CPU
		{6239F537-78E0-4F54-8EAC-8DCEA93EDD63}.Debug|x64.Build.0 = Debug|Any CPU
		{6239F537-78E0-4F54-8EAC-8DCEA93EDD63}.Debug|x86.ActiveCfg = Debug|Any CPU
		{6239F537-78E0-4F54-8EAC-8DCEA93EDD63}.Debug|x86.Build.0 = Debug|Any CPU
		{6239F537-78E0-4F54-8EAC-8DCEA93EDD63}.Release|Any CPU.ActiveCfg = Release|Any CPU
		{6239F537-78E0-4F54-8EAC-8DCEA93EDD63}.Release|Any CPU.Build.0 = Release|Any CPU
		{6239F537-78E0-4F54-8EAC-8DCEA93EDD63}.Release|ARM.ActiveCfg = Release|Any CPU
		{6239F537-78E0-4F54-8EAC-8DCEA93EDD63}.Release|ARM.Build.0 = Release|Any CPU
		{6239F537-78E0-4F54-8EAC-8DCEA93EDD63}.Release|x64.ActiveCfg = Release|Any CPU
		{6239F537-78E0-4F54-8EAC-8DCEA93EDD63}.Release|x64.Build.0 = Release|Any CPU
		{6239F537-78E0-4F54-8EAC-8DCEA93EDD63}.Release|x86.ActiveCfg = Release|Any CPU
		{6239F537-78E0-4F54-8EAC-8DCEA93EDD63}.Release|x86.Build.0 = Release|Any CPU
		{BA391BE4-F4E1-468B-9CF5-7A349D0ADEFD}.Debug|Any CPU.ActiveCfg = Debug|Any CPU
		{BA391BE4-F4E1-468B-9CF5-7A349D0ADEFD}.Debug|Any CPU.Build.0 = Debug|Any CPU
		{BA391BE4-F4E1-468B-9CF5-7A349D0ADEFD}.Debug|ARM.ActiveCfg = Debug|Any CPU
		{BA391BE4-F4E1-468B-9CF5-7A349D0ADEFD}.Debug|ARM.Build.0 = Debug|Any CPU
		{BA391BE4-F4E1-468B-9CF5-7A349D0ADEFD}.Debug|x64.ActiveCfg = Debug|Any CPU
		{BA391BE4-F4E1-468B-9CF5-7A349D0ADEFD}.Debug|x64.Build.0 = Debug|Any CPU
		{BA391BE4-F4E1-468B-9CF5-7A349D0ADEFD}.Debug|x86.ActiveCfg = Debug|Any CPU
		{BA391BE4-F4E1-468B-9CF5-7A349D0ADEFD}.Debug|x86.Build.0 = Debug|Any CPU
		{BA391BE4-F4E1-468B-9CF5-7A349D0ADEFD}.Release|Any CPU.ActiveCfg = Release|Any CPU
		{BA391BE4-F4E1-468B-9CF5-7A349D0ADEFD}.Release|Any CPU.Build.0 = Release|Any CPU
		{BA391BE4-F4E1-468B-9CF5-7A349D0ADEFD}.Release|ARM.ActiveCfg = Release|Any CPU
		{BA391BE4-F4E1-468B-9CF5-7A349D0ADEFD}.Release|ARM.Build.0 = Release|Any CPU
		{BA391BE4-F4E1-468B-9CF5-7A349D0ADEFD}.Release|x64.ActiveCfg = Release|Any CPU
		{BA391BE4-F4E1-468B-9CF5-7A349D0ADEFD}.Release|x64.Build.0 = Release|Any CPU
		{BA391BE4-F4E1-468B-9CF5-7A349D0ADEFD}.Release|x86.ActiveCfg = Release|Any CPU
		{BA391BE4-F4E1-468B-9CF5-7A349D0ADEFD}.Release|x86.Build.0 = Release|Any CPU
		{87F587B2-DB92-4ACB-8259-DC4BD3B7D39A}.Debug|Any CPU.ActiveCfg = Debug|Any CPU
		{87F587B2-DB92-4ACB-8259-DC4BD3B7D39A}.Debug|Any CPU.Build.0 = Debug|Any CPU
		{87F587B2-DB92-4ACB-8259-DC4BD3B7D39A}.Debug|ARM.ActiveCfg = Debug|Any CPU
		{87F587B2-DB92-4ACB-8259-DC4BD3B7D39A}.Debug|ARM.Build.0 = Debug|Any CPU
		{87F587B2-DB92-4ACB-8259-DC4BD3B7D39A}.Debug|x64.ActiveCfg = Debug|Any CPU
		{87F587B2-DB92-4ACB-8259-DC4BD3B7D39A}.Debug|x64.Build.0 = Debug|Any CPU
		{87F587B2-DB92-4ACB-8259-DC4BD3B7D39A}.Debug|x86.ActiveCfg = Debug|Any CPU
		{87F587B2-DB92-4ACB-8259-DC4BD3B7D39A}.Debug|x86.Build.0 = Debug|Any CPU
		{87F587B2-DB92-4ACB-8259-DC4BD3B7D39A}.Release|Any CPU.ActiveCfg = Release|Any CPU
		{87F587B2-DB92-4ACB-8259-DC4BD3B7D39A}.Release|Any CPU.Build.0 = Release|Any CPU
		{87F587B2-DB92-4ACB-8259-DC4BD3B7D39A}.Release|ARM.ActiveCfg = Release|Any CPU
		{87F587B2-DB92-4ACB-8259-DC4BD3B7D39A}.Release|ARM.Build.0 = Release|Any CPU
		{87F587B2-DB92-4ACB-8259-DC4BD3B7D39A}.Release|x64.ActiveCfg = Release|Any CPU
		{87F587B2-DB92-4ACB-8259-DC4BD3B7D39A}.Release|x64.Build.0 = Release|Any CPU
		{87F587B2-DB92-4ACB-8259-DC4BD3B7D39A}.Release|x86.ActiveCfg = Release|Any CPU
		{87F587B2-DB92-4ACB-8259-DC4BD3B7D39A}.Release|x86.Build.0 = Release|Any CPU
	EndGlobalSection
	GlobalSection(SolutionProperties) = preSolution
		HideSolutionNode = FALSE
	EndGlobalSection
	GlobalSection(ExtensibilityGlobals) = postSolution
		SolutionGuid = {0AD8C9AC-68CA-4917-824F-E5F67BEFB1B1}
	EndGlobalSection
EndGlobal
